{
  "name": "motion-sticker-pack",
  "version": "0.2.0",
  "lockfileVersion": 3,
  "requires": true,
  "packages": {
    "": {
      "name": "motion-sticker-pack",
      "version": "0.2.0",
      "dependencies": {
        "@ai-sdk/alibaba": "2.0.35",
        "@ai-sdk/bytedance": "2.0.33",
        "@ai-sdk/fal": "3.0.31",
        "@ai-sdk/klingai": "4.0.32",
        "@ai-sdk/xai": "4.0.44",
        "ai": "7.0.79"
      },
      "engines": {
        "node": ">=22"
      }
    },
    "node_modules/@ai-sdk/alibaba": {
      "version": "2.0.35",
      "resolved": "https://registry.npmjs.org/@ai-sdk/alibaba/-/alibaba-2.0.35.tgz",
      "integrity": "sha512-zWD1jkTmZbvg6fN6Hi2zQoND2GogGmNdn75tEsmsm7sPt6rL2JuYH+6l9WnDGCCy2r+gvSFXm+j4j7jNBCwrOQ==",
      "license": "Apache-2.0",
      "dependencies": {
        "@ai-sdk/provider": "4.0.8",
        "@ai-sdk/provider-utils": "5.0.30"
      },
      "engines": {
        "node": ">=22"
      },
      "peerDependencies": {
        "zod": "^3.25.76 || ^4.1.8"
      }
    },
    "node_modules/@ai-sdk/bytedance": {
      "version": "2.0.33",
      "resolved": "https://registry.npmjs.org/@ai-sdk/bytedance/-/bytedance-2.0.33.tgz",
      "integrity": "sha512-F5K+/7GEVvLXQFA5t6bnGwNCUbCS7kq0+JDfr+oltxSNNecBYRObYX3h/7UMWuVoP0/GIWX0uUsaGgKubRa8FQ==",
      "license": "Apache-2.0",
      "dependencies": {
        "@ai-sdk/provider": "4.0.8",
        "@ai-sdk/provider-utils": "5.0.30"
      },
      "engines": {
        "node": ">=22"
      },
      "peerDependencies": {
        "zod": "^3.25.76 || ^4.1.8"
      }
    },
    "node_modules/@ai-sdk/fal": {
      "version": "3.0.31",
      "resolved": "https://registry.npmjs.org/@ai-sdk/fal/-/fal-3.0.31.tgz",
      "integrity": "sha512-lIEsMhzJuja9T/hYr3iim8g0lb9nWNjZSiPS9x/SRmBSRfjnj8e4wxAvugxcvNaipRN+IQ2GEud7wQZTpQA02A==",
      "license": "Apache-2.0",
      "dependencies": {
        "@ai-sdk/provider": "4.0.8",
        "@ai-sdk/provider-utils": "5.0.30"
      },
      "engines": {
        "node": ">=22"
      },
      "peerDependencies": {
        "zod": "^3.25.76 || ^4.1.8"
      }
    },
    "node_modules/@ai-sdk/gateway": {
      "version": "4.0.64",
      "resolved": "https://registry.npmjs.org/@ai-sdk/gateway/-/gateway-4.0.64.tgz",
      "integrity": "sha512-iayK1z11I0b3sgbP3j6eKQypfpwO5Fbtaq1Mkwv7YxwGQG1YTNr5QAjyYsSfqyf/58WUOLWz2cTBpk+ExZVgpw==",
      "license": "Apache-2.0",
      "dependencies": {
        "@ai-sdk/provider": "4.0.8",
        "@ai-sdk/provider-utils": "5.0.30",
        "@vercel/oidc": "3.2.0"
      },
      "engines": {
        "node": ">=22"
      },
      "peerDependencies": {
        "zod": "^3.25.76 || ^4.1.8"
      }
    },
    "node_modules/@ai-sdk/klingai": {
      "version": "4.0.32",
      "resolved": "https://registry.npmjs.org/@ai-sdk/klingai/-/klingai-4.0.32.tgz",
      "integrity": "sha512-Mjn67/M0UNtWyXYClkmw03aXSIfbNguLvCSfwXrqv0UFD9wHmLv4mnRFWNJPO68tTjODocneUc05OGbmN73rtQ==",
      "license": "Apache-2.0",
      "dependencies": {
        "@ai-sdk/provider": "4.0.8",
        "@ai-sdk/provider-utils": "5.0.30"
      },
      "engines": {
        "node": ">=22"
      },
      "peerDependencies": {
        "zod": "^3.25.76 || ^4.1.8"
      }
    },
    "node_modules/@ai-sdk/provider": {
      "version": "4.0.8",
      "resolved": "https://registry.npmjs.org/@ai-sdk/provider/-/provider-4.0.8.tgz",
      "integrity": "sha512-aWO7iwhFUGf347tCwNGggggfmZigaSu7TF739IZSrWWABUp7zkb4Cr3fMqvBe5EIS7ABJJu3Cadn0g/zs1G0QQ==",
      "license": "Apache-2.0",
      "dependencies": {
        "json-schema": "^0.4.0"
      },
      "engines": {
        "node": ">=22"
      }
    },
    "node_modules/@ai-sdk/provider-utils": {
      "version": "5.0.30",
      "resolved": "https://registry.npmjs.org/@ai-sdk/provider-utils/-/provider-utils-5.0.30.tgz",
      "integrity": "sha512-9TyxUXolql77ntHIeygLqt7PO1O0HZPB73cJhLG2OsPecSBRIZhNXLxT1T7rlL6Zpm1eDoLMFrMV99kAJ28/Sg==",
      "license": "Apache-2.0",
      "dependencies": {
        "@ai-sdk/provider": "4.0.8",
        "@standard-schema/spec": "^1.1.0",
        "@workflow/serde": "4.1.0",
        "eventsource-parser": "^3.0.8",
        "undici": "^7.28.0"
      },
      "engines": {
        "node": ">=22"
      },
      "peerDependencies": {
        "zod": "^3.25.76 || ^4.1.8"
      }
    },
    "node_modules/@ai-sdk/xai": {
      "version": "4.0.44",
      "resolved": "https://registry.npmjs.org/@ai-sdk/xai/-/xai-4.0.44.tgz",
      "integrity": "sha512-WVKPjUjpD+liN5wIA8jYnempxRLfdsRq6b4krnVYYTiGUomJ4D0t0htX9IxxZbhQfaDgf+ugaLg0xSZ5AKfEBA==",
      "license": "Apache-2.0",
      "dependencies": {
        "@ai-sdk/provider": "4.0.8",
        "@ai-sdk/provider-utils": "5.0.30"
      },
      "engines": {
        "node": ">=22"
      },
      "peerDependencies": {
        "zod": "^3.25.76 || ^4.1.8"
      }
    },
    "node_modules/@standard-schema/spec": {
      "version": "1.1.0",
      "resolved": "https://registry.npmjs.org/@standard-schema/spec/-/spec-1.1.0.tgz",
      "integrity": "sha512-l2aFy5jALhniG5HgqrD6jXLi/rUWrKvqN/qJx6yoJsgKhblVd+iqqU4RCXavm/jPityDo5TCvKMnpjKnOriy0w==",
      "license": "MIT"
    },
    "node_modules/@vercel/oidc": {
      "version": "3.2.0",
      "resolved": "https://registry.npmjs.org/@vercel/oidc/-/oidc-3.2.0.tgz",
      "integrity": "sha512-UycprH3T6n3jH0k44NHMa7pnFHGu/N05MjojYr+Mc6I7obkoLIJujSWwin1pCvdy/eOxrI/l3uDLQsmcrOb4ug==",
      "license": "Apache-2.0",
      "engines": {
        "node": ">= 20"
      }
    },
    "node_modules/@workflow/serde": {
      "version": "4.1.0",
      "resolved": "https://registry.npmjs.org/@workflow/serde/-/serde-4.1.0.tgz",
      "integrity": "sha512-pav4F2BoirECWR7Nf1TKt+2eETcBj7jj4cBefQ8VXQCA6NPkaKeLfj/zMgi+3zYV5ZIBT4GuUiphsj0/b9hPQQ==",
      "license": "Apache-2.0"
    },
    "node_modules/ai": {
      "version": "7.0.79",
      "resolved": "https://registry.npmjs.org/ai/-/ai-7.0.79.tgz",
      "integrity": "sha512-zZkSUq6MgmXjwIfML2wkPFeQ5Azk8kGEWkciAtE0NgnFy3slj4ljsw5LvigsCbYXxTSVr+6iCHBTPZafpx1P0w==",
      "license": "Apache-2.0",
      "dependencies": {
        "@ai-sdk/gateway": "4.0.64",
        "@ai-sdk/provider": "4.0.8",
        "@ai-sdk/provider-utils": "5.0.30"
      },
      "engines": {
        "node": ">=22"
      },
      "peerDependencies": {
        "zod": "^3.25.76 || ^4.1.8"
      }
    },
    "node_modules/eventsource-parser": {
      "version": "3.1.1",
      "resolved": "https://registry.npmjs.org/eventsource-parser/-/eventsource-parser-3.1.1.tgz",
      "integrity": "sha512-EKN1vKAMcZ8MlYMpaNuxN6R9yakzH6uajHcHVTqWJzvu5pWw9DyhbP35HH8MVBQ+dZjAfDxk+A8NiR9KWaXiyQ==",
      "license": "MIT",
      "engines": {
        "node": ">=18.0.0"
      }
    },
    "node_modules/json-schema": {
      "version": "0.4.0",
      "resolved": "https://registry.npmjs.org/json-schema/-/json-schema-0.4.0.tgz",
      "integrity": "sha512-es94M3nTIfsEPisRafak+HDLfHXnKBhV3vU5eqPcS3flIWqcxJWgXHXiey3YrpaNsanY5ei1VoYEbOzijuq9BA==",
      "license": "(AFL-2.1 OR BSD-3-Clause)"
    },
    "node_modules/undici": {
      "version": "7.29.0",
      "resolved": "https://registry.npmjs.org/undici/-/undici-7.29.0.tgz",
      "integrity": "sha512-IDxfleLmmbSskfWSUATiN1nfn2rDuvnMOqb5CWR92iIfojA0Ud+ulOAAEQ57LPr9rWmsreUyf5lwyao+7GNNVw==",
      "license": "MIT",
      "engines": {
        "node": ">=20.18.1"
      }
    },
    "node_modules/zod": {
      "version": "4.4.3",
      "resolved": "https://registry.npmjs.org/zod/-/zod-4.4.3.tgz",
      "integrity": "sha512-ytENFjIJFl2UwYglde2jchW2Hwm4GJFLDiSXWdTrJQBIN9Fcyp7n4DhxJEiWNAJMV1/BqWfW/kkg71UDcHJyTQ==",
      "license": "MIT",
      "peer": true,
      "funding": {
        "url": "https://github.com/sponsors/colinhacks"
      }
    }
  }
}
